
Microsoft Visual Studio Solution File, Format Version 12.00
# Visual Studio 2013
VisualStudioVersion = 12.0.40629.0
MinimumVisualStudioVersion = 10.0.40219.1
Project("{FAE04EC0-301F-11D3-BF4B-00C04F79EFBC}") = "KdTreeLib", "KdTreeLib\KdTreeLib.csproj", "{68C8066D-7844-41C2-993D-3160798164D1}"
EndProject
Project("{FAE04EC0-301F-11D3-BF4B-00C04F79EFBC}") = "EarthquakeSummary", "EarthquakeSummary\EarthquakeSummary.csproj", "{19F4D197-26F1-4A6B-BC1B-33F1CBEACDDB}"
EndProject
Global
	GlobalSection(SolutionConfigurationPlatforms) = preSolution
		Debug|Any CPU = Debug|Any CPU
		Release|Any CPU = Release|Any CPU
	EndGlobalSection
	GlobalSection(ProjectConfigurationPlatforms) = postSolution
		{68C8066D-7844-41C2-993D-3160798164D1}.Debug|Any CPU.ActiveCfg = Debug|Any CPU
		{68C8066D-7844-41C2-993D-3160798164D1}.Debug|Any CPU.Build.0 = Debug|Any CPU
		{68C8066D-7844-41C2-993D-3160798164D1}.Release|Any CPU.ActiveCfg = Release|Any CPU
		{68C8066D-7844-41C2-993D-3160798164D1}.Release|Any CPU.Build.0 = Release|Any CPU
		{19F4D197-26F1-4A6B-BC1B-33F1CBEACDDB}.Debug|Any CPU.ActiveCfg = Debug|Any CPU
		{19F4D197-26F1-4A6B-BC1B-33F1CBEACDDB}.Debug|Any CPU.Build.0 = Debug|Any CPU
		{19F4D197-26F1-4A6B-BC1B-33F1CBEACDDB}.Release|Any CPU.ActiveCfg = Release|Any CPU
		{19F4D197-26F1-4A6B-BC1B-33F1CBEACDDB}.Release|Any CPU.Build.0 = Release|Any CPU
	EndGlobalSection
	GlobalSection(SolutionProperties) = preSolution
		HideSolutionNode = FALSE
	EndGlobalSection
EndGlobal
